{
  "requires": true,
  "lockfileVersion": 1,
  "dependencies": {
    "sweetalert2": {
      "version": "9.4.3",
      "resolved": "https://registry.npmjs.org/sweetalert2/-/sweetalert2-9.4.3.tgz",
      "integrity": "sha512-edh+30p2tlE7CyNsTDVUb6SGO/c9wuCF4qiketagLvsK/xcesrSPvF8u9Ljk83HX26CfOicKWulmxz+Z+MAWVw=="
    }
  }
}
